{
  "lockfileVersion": 1,
  "configVersion": 1,
  "workspaces": {
    "": {
      "name": "@han/team-server",
      "dependencies": {
        "@envelop/depth-limit": "^7.1.0",
        "@noble/ciphers": "^2.1.1",
        "@noble/hashes": "^2.0.1",
        "@pothos/core": "^4.6.0",
        "@pothos/plugin-relay": "^4.5.0",
        "graphql": "^16.10.0",
        "graphql-yoga": "^5.10.10",
        "hono": "^4.6.15",
        "ioredis": "^5.4.2",
        "jose": "^5.9.6",
        "pg": "^8.13.1",
        "zod": "^3.24.1",
      },
      "devDependencies": {
        "@types/bun": "^1.1.14",
        "@types/node": "^22.10.5",
        "@types/pg": "^8.11.10",
        "bun-types": "^1.3.8",
        "typescript": "^5.7.2",
      },
    },
  },
  "packages": {
    "@envelop/core": ["@envelop/core@5.5.0", "", { "dependencies": { "@envelop/instrumentation": "^1.0.0", "@envelop/types": "^5.2.1", "@whatwg-node/promise-helpers": "^1.2.4", "tslib": "^2.5.0" } }, "sha512-nsU1EyJQAStaKHR1ZkB/ug9XBm+WPTliYtdedbJ/L1ykrp7dbbn0srqBeDnZ2mbZVp4hH3d0Fy+Og9OgPWZx+g=="],

    "@envelop/depth-limit": ["@envelop/depth-limit@7.1.0", "", { "dependencies": { "graphql-depth-limit": "^1.1.0", "tslib": "^2.5.0" }, "peerDependencies": { "@envelop/core": "^5.5.0", "graphql": "^14.0.0 || ^15.0.0 || ^16.0.0" } }, "sha512-pPzqJb0XWVkhsm64nOioZR8X+9Ylw+8gtJ9PR4katGdbYmY+Y2OE6WZTfZdzL7ZzztPuaeiAsL5s5l9Hcrp4lQ=="],

    "@envelop/instrumentation": ["@envelop/instrumentation@1.0.0", "", { "dependencies": { "@whatwg-node/promise-helpers": "^1.2.1", "tslib": "^2.5.0" } }, "sha512-cxgkB66RQB95H3X27jlnxCRNTmPuSTgmBAq6/4n2Dtv4hsk4yz8FadA1ggmd0uZzvKqWD6CR+WFgTjhDqg7eyw=="],

    "@envelop/types": ["@envelop/types@5.2.1", "", { "dependencies": { "@whatwg-node/promise-helpers": "^1.0.0", "tslib": "^2.5.0" } }, "sha512-CsFmA3u3c2QoLDTfEpGr4t25fjMU31nyvse7IzWTvb0ZycuPjMjb0fjlheh+PbhBYb9YLugnT2uY6Mwcg1o+Zg=="],

    "@fastify/busboy": ["@fastify/busboy@3.2.0", "", {}, "sha512-m9FVDXU3GT2ITSe0UaMA5rU3QkfC/UXtCU8y0gSN/GugTqtVldOBWIB5V6V3sbmenVZUIpU6f+mPEO2+m5iTaA=="],

    "@graphql-tools/executor": ["@graphql-tools/executor@1.5.1", "", { "dependencies": { "@graphql-tools/utils": "^11.0.0", "@graphql-typed-document-node/core": "^3.2.0", "@repeaterjs/repeater": "^3.0.4", "@whatwg-node/disposablestack": "^0.0.6", "@whatwg-node/promise-helpers": "^1.0.0", "tslib": "^2.4.0" }, "peerDependencies": { "graphql": "^14.0.0 || ^15.0.0 || ^16.0.0 || ^17.0.0" } }, "sha512-n94Qcu875Mji9GQ52n5UbgOTxlgvFJicBPYD+FRks9HKIQpdNPjkkrKZUYNG51XKa+bf03rxNflm4+wXhoHHrA=="],

    "@graphql-tools/merge": ["@graphql-tools/merge@9.1.7", "", { "dependencies": { "@graphql-tools/utils": "^11.0.0", "tslib": "^2.4.0" }, "peerDependencies": { "graphql": "^14.0.0 || ^15.0.0 || ^16.0.0 || ^17.0.0" } }, "sha512-Y5E1vTbTabvcXbkakdFUt4zUIzB1fyaEnVmIWN0l0GMed2gdD01TpZWLUm4RNAxpturvolrb24oGLQrBbPLSoQ=="],

    "@graphql-tools/schema": ["@graphql-tools/schema@10.0.31", "", { "dependencies": { "@graphql-tools/merge": "^9.1.7", "@graphql-tools/utils": "^11.0.0", "tslib": "^2.4.0" }, "peerDependencies": { "graphql": "^14.0.0 || ^15.0.0 || ^16.0.0 || ^17.0.0" } }, "sha512-ZewRgWhXef6weZ0WiP7/MV47HXiuFbFpiDUVLQl6mgXsWSsGELKFxQsyUCBos60Qqy1JEFAIu3Ns6GGYjGkqkQ=="],

    "@graphql-tools/utils": ["@graphql-tools/utils@10.11.0", "", { "dependencies": { "@graphql-typed-document-node/core": "^3.1.1", "@whatwg-node/promise-helpers": "^1.0.0", "cross-inspect": "1.0.1", "tslib": "^2.4.0" }, "peerDependencies": { "graphql": "^14.0.0 || ^15.0.0 || ^16.0.0 || ^17.0.0" } }, "sha512-iBFR9GXIs0gCD+yc3hoNswViL1O5josI33dUqiNStFI/MHLCEPduasceAcazRH77YONKNiviHBV8f7OgcT4o2Q=="],

    "@graphql-typed-document-node/core": ["@graphql-typed-document-node/core@3.2.0", "", { "peerDependencies": { "graphql": "^0.8.0 || ^0.9.0 || ^0.10.0 || ^0.11.0 || ^0.12.0 || ^0.13.0 || ^14.0.0 || ^15.0.0 || ^16.0.0 || ^17.0.0" } }, "sha512-mB9oAsNCm9aM3/SOv4YtBMqZbYj10R7dkq8byBqxGY/ncFwhf2oQzMV+LCRlWoDSEBJ3COiR1yeDvMtsoOsuFQ=="],

    "@graphql-yoga/logger": ["@graphql-yoga/logger@2.0.1", "", { "dependencies": { "tslib": "^2.8.1" } }, "sha512-Nv0BoDGLMg9QBKy9cIswQ3/6aKaKjlTh87x3GiBg2Z4RrjyrM48DvOOK0pJh1C1At+b0mUIM67cwZcFTDLN4sA=="],

    "@graphql-yoga/subscription": ["@graphql-yoga/subscription@5.0.5", "", { "dependencies": { "@graphql-yoga/typed-event-target": "^3.0.2", "@repeaterjs/repeater": "^3.0.4", "@whatwg-node/events": "^0.1.0", "tslib": "^2.8.1" } }, "sha512-oCMWOqFs6QV96/NZRt/ZhTQvzjkGB4YohBOpKM4jH/lDT4qb7Lex/aGCxpi/JD9njw3zBBtMqxbaC22+tFHVvw=="],

    "@graphql-yoga/typed-event-target": ["@graphql-yoga/typed-event-target@3.0.2", "", { "dependencies": { "@repeaterjs/repeater": "^3.0.4", "tslib": "^2.8.1" } }, "sha512-ZpJxMqB+Qfe3rp6uszCQoag4nSw42icURnBRfFYSOmTgEeOe4rD0vYlbA8spvCu2TlCesNTlEN9BLWtQqLxabA=="],

    "@ioredis/commands": ["@ioredis/commands@1.5.0", "", {}, "sha512-eUgLqrMf8nJkZxT24JvVRrQya1vZkQh8BBeYNwGDqa5I0VUi8ACx7uFvAaLxintokpTenkK6DASvo/bvNbBGow=="],

    "@noble/ciphers": ["@noble/ciphers@2.1.1", "", {}, "sha512-bysYuiVfhxNJuldNXlFEitTVdNnYUc+XNJZd7Qm2a5j1vZHgY+fazadNFWFaMK/2vye0JVlxV3gHmC0WDfAOQw=="],

    "@noble/hashes": ["@noble/hashes@2.0.1", "", {}, "sha512-XlOlEbQcE9fmuXxrVTXCTlG2nlRXa9Rj3rr5Ue/+tX+nmkgbX720YHh0VR3hBF9xDvwnb8D2shVGOwNx+ulArw=="],

    "@pothos/core": ["@pothos/core@4.12.0", "", { "peerDependencies": { "graphql": "^16.10.0" } }, "sha512-PeiODrj3GjQ7Nbs/5p65DEyBWZTSGGjgGO/BgaMEqS1jBNX/2zJTEQJA9zM5uPmCHUCDjE7Qn2U7lOi0ALp/8A=="],

    "@pothos/plugin-relay": ["@pothos/plugin-relay@4.6.2", "", { "peerDependencies": { "@pothos/core": "*", "graphql": "^16.10.0" } }, "sha512-9aweCv9T53z4+CmE+JF8QoXeAEd+wT/rZflZNzrvH6ln2Lj6qy/EVEcL5BMr6en3/IYHH+ROyHAAsy12t4uIUQ=="],

    "@repeaterjs/repeater": ["@repeaterjs/repeater@3.0.6", "", {}, "sha512-Javneu5lsuhwNCryN+pXH93VPQ8g0dBX7wItHFgYiwQmzE1sVdg5tWHiOgHywzL2W21XQopa7IwIEnNbmeUJYA=="],

    "@types/bun": ["@types/bun@1.3.8", "", { "dependencies": { "bun-types": "1.3.8" } }, "sha512-3LvWJ2q5GerAXYxO2mffLTqOzEu5qnhEAlh48Vnu8WQfnmSwbgagjGZV6BoHKJztENYEDn6QmVd949W4uESRJA=="],

    "@types/node": ["@types/node@22.19.7", "", { "dependencies": { "undici-types": "~6.21.0" } }, "sha512-MciR4AKGHWl7xwxkBa6xUGxQJ4VBOmPTF7sL+iGzuahOFaO0jHCsuEfS80pan1ef4gWId1oWOweIhrDEYLuaOw=="],

    "@types/pg": ["@types/pg@8.16.0", "", { "dependencies": { "@types/node": "*", "pg-protocol": "*", "pg-types": "^2.2.0" } }, "sha512-RmhMd/wD+CF8Dfo+cVIy3RR5cl8CyfXQ0tGgW6XBL8L4LM/UTEbNXYRbLwU6w+CgrKBNbrQWt4FUtTfaU5jSYQ=="],

    "@whatwg-node/disposablestack": ["@whatwg-node/disposablestack@0.0.6", "", { "dependencies": { "@whatwg-node/promise-helpers": "^1.0.0", "tslib": "^2.6.3" } }, "sha512-LOtTn+JgJvX8WfBVJtF08TGrdjuFzGJc4mkP8EdDI8ADbvO7kiexYep1o8dwnt0okb0jYclCDXF13xU7Ge4zSw=="],

    "@whatwg-node/events": ["@whatwg-node/events@0.1.2", "", { "dependencies": { "tslib": "^2.6.3" } }, "sha512-ApcWxkrs1WmEMS2CaLLFUEem/49erT3sxIVjpzU5f6zmVcnijtDSrhoK2zVobOIikZJdH63jdAXOrvjf6eOUNQ=="],

    "@whatwg-node/fetch": ["@whatwg-node/fetch@0.10.13", "", { "dependencies": { "@whatwg-node/node-fetch": "^0.8.3", "urlpattern-polyfill": "^10.0.0" } }, "sha512-b4PhJ+zYj4357zwk4TTuF2nEe0vVtOrwdsrNo5hL+u1ojXNhh1FgJ6pg1jzDlwlT4oBdzfSwaBwMCtFCsIWg8Q=="],

    "@whatwg-node/node-fetch": ["@whatwg-node/node-fetch@0.8.5", "", { "dependencies": { "@fastify/busboy": "^3.1.1", "@whatwg-node/disposablestack": "^0.0.6", "@whatwg-node/promise-helpers": "^1.3.2", "tslib": "^2.6.3" } }, "sha512-4xzCl/zphPqlp9tASLVeUhB5+WJHbuWGYpfoC2q1qh5dw0AqZBW7L27V5roxYWijPxj4sspRAAoOH3d2ztaHUQ=="],

    "@whatwg-node/promise-helpers": ["@whatwg-node/promise-helpers@1.3.2", "", { "dependencies": { "tslib": "^2.6.3" } }, "sha512-Nst5JdK47VIl9UcGwtv2Rcgyn5lWtZ0/mhRQ4G8NN2isxpq2TO30iqHzmwoJycjWuyUfg3GFXqP/gFHXeV57IA=="],

    "@whatwg-node/server": ["@whatwg-node/server@0.10.18", "", { "dependencies": { "@envelop/instrumentation": "^1.0.0", "@whatwg-node/disposablestack": "^0.0.6", "@whatwg-node/fetch": "^0.10.13", "@whatwg-node/promise-helpers": "^1.3.2", "tslib": "^2.6.3" } }, "sha512-kMwLlxUbduttIgaPdSkmEarFpP+mSY8FEm+QWMBRJwxOHWkri+cxd8KZHO9EMrB9vgUuz+5WEaCawaL5wGVoXg=="],

    "arrify": ["arrify@1.0.1", "", {}, "sha512-3CYzex9M9FGQjCGMGyi6/31c8GJbgb0qGyrx5HWxPd0aCwh4cB2YjMb2Xf9UuoogrMrlO9cTqnB5rI5GHZTcUA=="],

    "bun-types": ["bun-types@1.3.8", "", { "dependencies": { "@types/node": "*" } }, "sha512-fL99nxdOWvV4LqjmC+8Q9kW3M4QTtTR1eePs94v5ctGqU8OeceWrSUaRw3JYb7tU3FkMIAjkueehrHPPPGKi5Q=="],

    "cluster-key-slot": ["cluster-key-slot@1.1.2", "", {}, "sha512-RMr0FhtfXemyinomL4hrWcYJxmX6deFdCxpJzhDttxgO1+bcCnkk+9drydLVDmAMG7NE6aN/fl4F7ucU/90gAA=="],

    "cross-inspect": ["cross-inspect@1.0.1", "", { "dependencies": { "tslib": "^2.4.0" } }, "sha512-Pcw1JTvZLSJH83iiGWt6fRcT+BjZlCDRVwYLbUcHzv/CRpB7r0MlSrGbIyQvVSNyGnbt7G4AXuyCiDR3POvZ1A=="],

    "debug": ["debug@4.4.3", "", { "dependencies": { "ms": "^2.1.3" } }, "sha512-RGwwWnwQvkVfavKVt22FGLw+xYSdzARwm0ru6DhTVA3umU5hZc28V3kO4stgYryrTlLpuvgI9GiijltAjNbcqA=="],

    "denque": ["denque@2.1.0", "", {}, "sha512-HVQE3AAb/pxF8fQAoiqpvg9i3evqug3hoiwakOyZAwJm+6vZehbkYXZ0l4JxS+I3QxM97v5aaRNhj8v5oBhekw=="],

    "graphql": ["graphql@16.12.0", "", {}, "sha512-DKKrynuQRne0PNpEbzuEdHlYOMksHSUI8Zc9Unei5gTsMNA2/vMpoMz/yKba50pejK56qj98qM0SjYxAKi13gQ=="],

    "graphql-depth-limit": ["graphql-depth-limit@1.1.0", "", { "dependencies": { "arrify": "^1.0.1" }, "peerDependencies": { "graphql": "*" } }, "sha512-+3B2BaG8qQ8E18kzk9yiSdAa75i/hnnOwgSeAxVJctGQPvmeiLtqKOYF6HETCyRjiF7Xfsyal0HbLlxCQkgkrw=="],

    "graphql-yoga": ["graphql-yoga@5.18.0", "", { "dependencies": { "@envelop/core": "^5.3.0", "@envelop/instrumentation": "^1.0.0", "@graphql-tools/executor": "^1.5.0", "@graphql-tools/schema": "^10.0.11", "@graphql-tools/utils": "^10.11.0", "@graphql-yoga/logger": "^2.0.1", "@graphql-yoga/subscription": "^5.0.5", "@whatwg-node/fetch": "^0.10.6", "@whatwg-node/promise-helpers": "^1.3.2", "@whatwg-node/server": "^0.10.14", "lru-cache": "^10.0.0", "tslib": "^2.8.1" }, "peerDependencies": { "graphql": "^15.2.0 || ^16.0.0" } }, "sha512-xFt1DVXS1BZ3AvjnawAGc5OYieSe56WuQuyk3iEpBwJ3QDZJWQGLmU9z/L5NUZ+pUcyprsz/bOwkYIV96fXt/g=="],

    "hono": ["hono@4.11.7", "", {}, "sha512-l7qMiNee7t82bH3SeyUCt9UF15EVmaBvsppY2zQtrbIhl/yzBTny+YUxsVjSjQ6gaqaeVtZmGocom8TzBlA4Yw=="],

    "ioredis": ["ioredis@5.9.2", "", { "dependencies": { "@ioredis/commands": "1.5.0", "cluster-key-slot": "^1.1.0", "debug": "^4.3.4", "denque": "^2.1.0", "lodash.defaults": "^4.2.0", "lodash.isarguments": "^3.1.0", "redis-errors": "^1.2.0", "redis-parser": "^3.0.0", "standard-as-callback": "^2.1.0" } }, "sha512-tAAg/72/VxOUW7RQSX1pIxJVucYKcjFjfvj60L57jrZpYCHC3XN0WCQ3sNYL4Gmvv+7GPvTAjc+KSdeNuE8oWQ=="],

    "jose": ["jose@5.10.0", "", {}, "sha512-s+3Al/p9g32Iq+oqXxkW//7jk2Vig6FF1CFqzVXoTUXt2qz89YWbL+OwS17NFYEvxC35n0FKeGO2LGYSxeM2Gg=="],

    "lodash.defaults": ["lodash.defaults@4.2.0", "", {}, "sha512-qjxPLHd3r5DnsdGacqOMU6pb/avJzdh9tFX2ymgoZE27BmjXrNy/y4LoaiTeAb+O3gL8AfpJGtqfX/ae2leYYQ=="],

    "lodash.isarguments": ["lodash.isarguments@3.1.0", "", {}, "sha512-chi4NHZlZqZD18a0imDHnZPrDeBbTtVN7GXMwuGdRH9qotxAjYs3aVLKc7zNOG9eddR5Ksd8rvFEBc9SsggPpg=="],

    "lru-cache": ["lru-cache@10.4.3", "", {}, "sha512-JNAzZcXrCt42VGLuYz0zfAzDfAvJWW6AfYlDBQyDV5DClI2m5sAmK+OIO7s59XfsRsWHp02jAJrRadPRGTt6SQ=="],

    "ms": ["ms@2.1.3", "", {}, "sha512-6FlzubTLZG3J2a/NVCAleEhjzq5oxgHyaCU9yYXvcLsvoVaHJq/s5xXI6/XXP6tz7R9xAOtHnSO/tXtF3WRTlA=="],

    "pg": ["pg@8.18.0", "", { "dependencies": { "pg-connection-string": "^2.11.0", "pg-pool": "^3.11.0", "pg-protocol": "^1.11.0", "pg-types": "2.2.0", "pgpass": "1.0.5" }, "optionalDependencies": { "pg-cloudflare": "^1.3.0" }, "peerDependencies": { "pg-native": ">=3.0.1" }, "optionalPeers": ["pg-native"] }, "sha512-xqrUDL1b9MbkydY/s+VZ6v+xiMUmOUk7SS9d/1kpyQxoJ6U9AO1oIJyUWVZojbfe5Cc/oluutcgFG4L9RDP1iQ=="],

    "pg-cloudflare": ["pg-cloudflare@1.3.0", "", {}, "sha512-6lswVVSztmHiRtD6I8hw4qP/nDm1EJbKMRhf3HCYaqud7frGysPv7FYJ5noZQdhQtN2xJnimfMtvQq21pdbzyQ=="],

    "pg-connection-string": ["pg-connection-string@2.11.0", "", {}, "sha512-kecgoJwhOpxYU21rZjULrmrBJ698U2RxXofKVzOn5UDj61BPj/qMb7diYUR1nLScCDbrztQFl1TaQZT0t1EtzQ=="],

    "pg-int8": ["pg-int8@1.0.1", "", {}, "sha512-WCtabS6t3c8SkpDBUlb1kjOs7l66xsGdKpIPZsg4wR+B3+u9UAum2odSsF9tnvxg80h4ZxLWMy4pRjOsFIqQpw=="],

    "pg-pool": ["pg-pool@3.11.0", "", { "peerDependencies": { "pg": ">=8.0" } }, "sha512-MJYfvHwtGp870aeusDh+hg9apvOe2zmpZJpyt+BMtzUWlVqbhFmMK6bOBXLBUPd7iRtIF9fZplDc7KrPN3PN7w=="],

    "pg-protocol": ["pg-protocol@1.11.0", "", {}, "sha512-pfsxk2M9M3BuGgDOfuy37VNRRX3jmKgMjcvAcWqNDpZSf4cUmv8HSOl5ViRQFsfARFn0KuUQTgLxVMbNq5NW3g=="],

    "pg-types": ["pg-types@2.2.0", "", { "dependencies": { "pg-int8": "1.0.1", "postgres-array": "~2.0.0", "postgres-bytea": "~1.0.0", "postgres-date": "~1.0.4", "postgres-interval": "^1.1.0" } }, "sha512-qTAAlrEsl8s4OiEQY69wDvcMIdQN6wdz5ojQiOy6YRMuynxenON0O5oCpJI6lshc6scgAY8qvJ2On/p+CXY0GA=="],

    "pgpass": ["pgpass@1.0.5", "", { "dependencies": { "split2": "^4.1.0" } }, "sha512-FdW9r/jQZhSeohs1Z3sI1yxFQNFvMcnmfuj4WBMUTxOrAyLMaTcE1aAMBiTlbMNaXvBCQuVi0R7hd8udDSP7ug=="],

    "postgres-array": ["postgres-array@2.0.0", "", {}, "sha512-VpZrUqU5A69eQyW2c5CA1jtLecCsN2U/bD6VilrFDWq5+5UIEVO7nazS3TEcHf1zuPYO/sqGvUvW62g86RXZuA=="],

    "postgres-bytea": ["postgres-bytea@1.0.1", "", {}, "sha512-5+5HqXnsZPE65IJZSMkZtURARZelel2oXUEO8rH83VS/hxH5vv1uHquPg5wZs8yMAfdv971IU+kcPUczi7NVBQ=="],

    "postgres-date": ["postgres-date@1.0.7", "", {}, "sha512-suDmjLVQg78nMK2UZ454hAG+OAW+HQPZ6n++TNDUX+L0+uUlLywnoxJKDou51Zm+zTCjrCl0Nq6J9C5hP9vK/Q=="],

    "postgres-interval": ["postgres-interval@1.2.0", "", { "dependencies": { "xtend": "^4.0.0" } }, "sha512-9ZhXKM/rw350N1ovuWHbGxnGh/SNJ4cnxHiM0rxE4VN41wsg8P8zWn9hv/buK00RP4WvlOyr/RBDiptyxVbkZQ=="],

    "redis-errors": ["redis-errors@1.2.0", "", {}, "sha512-1qny3OExCf0UvUV/5wpYKf2YwPcOqXzkwKKSmKHiE6ZMQs5heeE/c8eXK+PNllPvmjgAbfnsbpkGZWy8cBpn9w=="],

    "redis-parser": ["redis-parser@3.0.0", "", { "dependencies": { "redis-errors": "^1.0.0" } }, "sha512-DJnGAeenTdpMEH6uAJRK/uiyEIH9WVsUmoLwzudwGJUwZPp80PDBWPHXSAGNPwNvIXAbe7MSUB1zQFugFml66A=="],

    "split2": ["split2@4.2.0", "", {}, "sha512-UcjcJOWknrNkF6PLX83qcHM6KHgVKNkV62Y8a5uYDVv9ydGQVwAHMKqHdJje1VTWpljG0WYpCDhrCdAOYH4TWg=="],

    "standard-as-callback": ["standard-as-callback@2.1.0", "", {}, "sha512-qoRRSyROncaz1z0mvYqIE4lCd9p2R90i6GxW3uZv5ucSu8tU7B5HXUP1gG8pVZsYNVaXjk8ClXHPttLyxAL48A=="],

    "tslib": ["tslib@2.8.1", "", {}, "sha512-oJFu94HQb+KVduSUQL7wnpmqnfmLsOA/nAh6b6EH0wCEoK0/mPeXU6c3wKDV83MkOuHPRHtSXKKU99IBazS/2w=="],

    "typescript": ["typescript@5.9.3", "", { "bin": { "tsc": "bin/tsc", "tsserver": "bin/tsserver" } }, "sha512-jl1vZzPDinLr9eUt3J/t7V6FgNEw9QjvBPdysz9KfQDD41fQrC2Y4vKQdiaUpFT4bXlb1RHhLpp8wtm6M5TgSw=="],

    "undici-types": ["undici-types@6.21.0", "", {}, "sha512-iwDZqg0QAGrg9Rav5H4n0M64c3mkR59cJ6wQp+7C4nI0gsmExaedaYLNO44eT4AtBBwjbTiGPMlt2Md0T9H9JQ=="],

    "urlpattern-polyfill": ["urlpattern-polyfill@10.1.0", "", {}, "sha512-IGjKp/o0NL3Bso1PymYURCJxMPNAf/ILOpendP9f5B6e1rTJgdgiOvgfoT8VxCAdY+Wisb9uhGaJJf3yZ2V9nw=="],

    "xtend": ["xtend@4.0.2", "", {}, "sha512-LKYU1iAXJXUgAXn9URjiu+MWhyUXHsvfp7mcuYm9dSUKK0/CjtrUwFAxD82/mCWbtLsGjFIad0wIsod4zrTAEQ=="],

    "zod": ["zod@3.25.76", "", {}, "sha512-gzUt/qt81nXsFGKIFcC3YnfEAx5NkunCfnDlvuBSSFS02bcXu4Lmea0AFIUwbLWxWPx3d9p8S5QoaujKcNQxcQ=="],

    "@graphql-tools/executor/@graphql-tools/utils": ["@graphql-tools/utils@11.0.0", "", { "dependencies": { "@graphql-typed-document-node/core": "^3.1.1", "@whatwg-node/promise-helpers": "^1.0.0", "cross-inspect": "1.0.1", "tslib": "^2.4.0" }, "peerDependencies": { "graphql": "^14.0.0 || ^15.0.0 || ^16.0.0 || ^17.0.0" } }, "sha512-bM1HeZdXA2C3LSIeLOnH/bcqSgbQgKEDrjxODjqi3y58xai2TkNrtYcQSoWzGbt9VMN1dORGjR7Vem8SPnUFQA=="],

    "@graphql-tools/merge/@graphql-tools/utils": ["@graphql-tools/utils@11.0.0", "", { "dependencies": { "@graphql-typed-document-node/core": "^3.1.1", "@whatwg-node/promise-helpers": "^1.0.0", "cross-inspect": "1.0.1", "tslib": "^2.4.0" }, "peerDependencies": { "graphql": "^14.0.0 || ^15.0.0 || ^16.0.0 || ^17.0.0" } }, "sha512-bM1HeZdXA2C3LSIeLOnH/bcqSgbQgKEDrjxODjqi3y58xai2TkNrtYcQSoWzGbt9VMN1dORGjR7Vem8SPnUFQA=="],

    "@graphql-tools/schema/@graphql-tools/utils": ["@graphql-tools/utils@11.0.0", "", { "dependencies": { "@graphql-typed-document-node/core": "^3.1.1", "@whatwg-node/promise-helpers": "^1.0.0", "cross-inspect": "1.0.1", "tslib": "^2.4.0" }, "peerDependencies": { "graphql": "^14.0.0 || ^15.0.0 || ^16.0.0 || ^17.0.0" } }, "sha512-bM1HeZdXA2C3LSIeLOnH/bcqSgbQgKEDrjxODjqi3y58xai2TkNrtYcQSoWzGbt9VMN1dORGjR7Vem8SPnUFQA=="],
  }
}
